
Microsoft Visual Studio Solution File, Format Version 12.00
# Visual Studio Version 16
VisualStudioVersion = 16.0.29306.81
MinimumVisualStudioVersion = 10.0.40219.1
Project("{FAE04EC0-301F-11D3-BF4B-00C04F79EFBC}") = "WinAppCircleV3", "WinAppCircleV3\WinAppCircleV3.csproj", "{4F71E2C5-612C-42F0-AF32-BE1266419EC3}"
EndProject
Global
	GlobalSection(SolutionConfigurationPlatforms) = preSolution
		Debug|Any CPU = Debug|Any CPU
		Release|Any CPU = Release|Any CPU
	EndGlobalSection
	GlobalSection(ProjectConfigurationPlatforms) = postSolution
		{4F71E2C5-612C-42F0-AF32-BE1266419EC3}.Debug|Any CPU.ActiveCfg = Debug|Any CPU
		{4F71E2C5-612C-42F0-AF32-BE1266419EC3}.Debug|Any CPU.Build.0 = Debug|Any CPU
		{4F71E2C5-612C-42F0-AF32-BE1266419EC3}.Release|Any CPU.ActiveCfg = Release|Any CPU
		{4F71E2C5-612C-42F0-AF32-BE1266419EC3}.Release|Any CPU.Build.0 = Release|Any CPU
	EndGlobalSection
	GlobalSection(SolutionProperties) = preSolution
		HideSolutionNode = FALSE
	EndGlobalSection
	GlobalSection(ExtensibilityGlobals) = postSolution
		SolutionGuid = {025FDC9E-5220-4ECE-8C4B-39AF7F665383}
	EndGlobalSection
EndGlobal
